
Microsoft Visual Studio Solution File, Format Version 12.00
# Blend for Visual Studio Version 16
VisualStudioVersion = 16.0.30413.136
MinimumVisualStudioVersion = 10.0.40219.1
Project("{FAE04EC0-301F-11D3-BF4B-00C04F79EFBC}") = "Server_for_android_client", "Server_for_android_client\Server_for_android_client.csproj", "{CB5DA371-F115-43D9-BC55-D0E9DCF4BB3C}"
EndProject
Global
	GlobalSection(SolutionConfigurationPlatforms) = preSolution
		Debug|Any CPU = Debug|Any CPU
		Release|Any CPU = Release|Any CPU
	EndGlobalSection
	GlobalSection(ProjectConfigurationPlatforms) = postSolution
		{CB5DA371-F115-43D9-BC55-D0E9DCF4BB3C}.Debug|Any CPU.ActiveCfg = Debug|Any CPU
		{CB5DA371-F115-43D9-BC55-D0E9DCF4BB3C}.Debug|Any CPU.Build.0 = Debug|Any CPU
		{CB5DA371-F115-43D9-BC55-D0E9DCF4BB3C}.Release|Any CPU.ActiveCfg = Release|Any CPU
		{CB5DA371-F115-43D9-BC55-D0E9DCF4BB3C}.Release|Any CPU.Build.0 = Release|Any CPU
	EndGlobalSection
	GlobalSection(SolutionProperties) = preSolution
		HideSolutionNode = FALSE
	EndGlobalSection
	GlobalSection(ExtensibilityGlobals) = postSolution
		SolutionGuid = {965081BC-511E-4394-8CDC-657808736F42}
	EndGlobalSection
EndGlobal
